
Microsoft Visual Studio Solution File, Format Version 12.00
# Visual Studio Version 17
VisualStudioVersion = 17.8.34316.72
MinimumVisualStudioVersion = 10.0.40219.1
Project("{FAE04EC0-301F-11D3-BF4B-00C04F79EFBC}") = "Galerie_Arta_Partea2", "Galerie_Arta_Partea2.csproj", "{79F29454-2266-4FD3-B74B-7CD972B814CB}"
EndProject
Global
	GlobalSection(SolutionConfigurationPlatforms) = preSolution
		Debug|Any CPU = Debug|Any CPU
		Release|Any CPU = Release|Any CPU
	EndGlobalSection
	GlobalSection(ProjectConfigurationPlatforms) = postSolution
		{79F29454-2266-4FD3-B74B-7CD972B814CB}.Debug|Any CPU.ActiveCfg = Debug|Any CPU
		{79F29454-2266-4FD3-B74B-7CD972B814CB}.Debug|Any CPU.Build.0 = Debug|Any CPU
		{79F29454-2266-4FD3-B74B-7CD972B814CB}.Debug|Any CPU.Deploy.0 = Debug|Any CPU
		{79F29454-2266-4FD3-B74B-7CD972B814CB}.Release|Any CPU.ActiveCfg = Release|Any CPU
		{79F29454-2266-4FD3-B74B-7CD972B814CB}.Release|Any CPU.Build.0 = Release|Any CPU
		{79F29454-2266-4FD3-B74B-7CD972B814CB}.Release|Any CPU.Deploy.0 = Release|Any CPU
	EndGlobalSection
	GlobalSection(SolutionProperties) = preSolution
		HideSolutionNode = FALSE
	EndGlobalSection
	GlobalSection(ExtensibilityGlobals) = postSolution
		SolutionGuid = {AB1BAF26-F397-48F5-AD9D-B3F26E2D08D8}
	EndGlobalSection
EndGlobal
